{
  "name": "miniprogram-ts-less-quickstart",
  "version": "1.0.0",
  "lockfileVersion": 2,
  "requires": true,
  "packages": {
    "": {
      "name": "miniprogram-ts-less-quickstart",
      "version": "1.0.0",
      "license": "ISC",
      "dependencies": {
        "@vant/weapp": "^1.10.3"
      },
      "devDependencies": {
        "miniprogram-api-typings": "^3.5.0"
      }
    },
    "node_modules/@vant/weapp": {
      "version": "1.10.3",
      "resolved": "https://registry.npmmirror.com/@vant/weapp/-/weapp-1.10.3.tgz",
      "integrity": "sha512-CcG5umI+zlJRN6hQXPeknOenPkVm6WBEgBaB6Y94kOmKLx9NHtHBdURwxuJEA4q4mxhUdOuf6sV7I8tZBnCVxw==",
      "license": "MIT"
    },
    "node_modules/miniprogram-api-typings": {
      "version": "3.5.0",
      "resolved": "https://registry.npmmirror.com/miniprogram-api-typings/-/miniprogram-api-typings-3.5.0.tgz",
      "integrity": "sha512-cS/uXJTMGKujwoaeEFFFKqpCf7qp3R7iuQZWagZAwhKA3Z7U/xlhOcI3i1wqN+uo4YODg3AG1j2zCe1PDa9Wtg==",
      "dev": true
    }
  },
  "dependencies": {
    "@vant/weapp": {
      "version": "1.10.3",
      "resolved": "https://registry.npmmirror.com/@vant/weapp/-/weapp-1.10.3.tgz",
      "integrity": "sha512-CcG5umI+zlJRN6hQXPeknOenPkVm6WBEgBaB6Y94kOmKLx9NHtHBdURwxuJEA4q4mxhUdOuf6sV7I8tZBnCVxw=="
    },
    "miniprogram-api-typings": {
      "version": "3.5.0",
      "resolved": "https://registry.npmmirror.com/miniprogram-api-typings/-/miniprogram-api-typings-3.5.0.tgz",
      "integrity": "sha512-cS/uXJTMGKujwoaeEFFFKqpCf7qp3R7iuQZWagZAwhKA3Z7U/xlhOcI3i1wqN+uo4YODg3AG1j2zCe1PDa9Wtg==",
      "dev": true
    }
  }
}
